<?xml version="1.0" encoding="utf-8"?>
<Project ToolsVersion="4.0" xmlns="http://schemas.microsoft.com/developer/msbuild/2003">
  <ItemGroup>
    <Filter Include="PortWin">
      <UniqueIdentifier>{df59e6c0-6b8e-41e0-86a8-1d484944711a}</UniqueIdentifier>
    </Filter>
    <Filter Include="AsyncCallback">
      <UniqueIdentifier>{cc20df47-c4e0-4fcd-b3fd-8cdb260fdcf8}</UniqueIdentifier>
    </Filter>
    <Filter Include="SelfTest">
      <UniqueIdentifier>{a857216e-3268-49aa-a99f-524417cf8a98}</UniqueIdentifier>
    </Filter>
    <Filter Include="Util">
      <UniqueIdentifier>{0e5588d5-86ca-4108-9ba2-f8a15418a448}</UniqueIdentifier>
    </Filter>
    <Filter Include="StateMachine">
      <UniqueIdentifier>{687e28fa-8cd3-4030-8e6c-304dda4dec40}</UniqueIdentifier>
    </Filter>
  </ItemGroup>
  <ItemGroup>
    <ClInclude Include="..\..\AsyncCallback\AsyncCallback.h">
      <Filter>AsyncCallback</Filter>
    </ClInclude>
    <ClInclude Include="..\..\AsyncCallback\AsyncCallbackBase.h">
      <Filter>AsyncCallback</Filter>
    </ClInclude>
    <ClInclude Include="..\..\AsyncCallback\Callback.h">
      <Filter>AsyncCallback</Filter>
    </ClInclude>
    <ClInclude Include="..\..\AsyncCallback\CallbackMsg.h">
      <Filter>AsyncCallback</Filter>
    </ClInclude>
    <ClInclude Include="..\..\AsyncCallback\CallbackThread.h">
      <Filter>AsyncCallback</Filter>
    </ClInclude>
    <ClInclude Include="..\..\PortWin\LockGuard.h">
      <Filter>PortWin</Filter>
    </ClInclude>
    <ClInclude Include="..\..\PortWin\ThreadMsg.h">
      <Filter>PortWin</Filter>
    </ClInclude>
    <ClInclude Include="..\..\PortWin\UserMsgs.h">
      <Filter>PortWin</Filter>
    </ClInclude>
    <ClInclude Include="..\..\stdafx.h" />
    <ClInclude Include="..\..\targetver.h" />
    <ClInclude Include="..\..\Util\DataTypes.h">
      <Filter>Util</Filter>
    </ClInclude>
    <ClInclude Include="..\..\Util\Fault.h">
      <Filter>Util</Filter>
    </ClInclude>
    <ClInclude Include="..\..\Util\WorkerThread.h">
      <Filter>Util</Filter>
    </ClInclude>
    <ClInclude Include="..\..\SelfTest\CentrifugeTest.h">
      <Filter>SelfTest</Filter>
    </ClInclude>
    <ClInclude Include="..\..\SelfTest\PressureTest.h">
      <Filter>SelfTest</Filter>
    </ClInclude>
    <ClInclude Include="..\..\SelfTest\SelfTest.h">
      <Filter>SelfTest</Filter>
    </ClInclude>
    <ClInclude Include="..\..\SelfTest\SelfTestEngine.h">
      <Filter>SelfTest</Filter>
    </ClInclude>
    <ClInclude Include="..\..\StateMachine\StateMachine.h">
      <Filter>StateMachine</Filter>
    </ClInclude>
    <ClInclude Include="..\..\PortWin\ThreadWin.h">
      <Filter>PortWin</Filter>
    </ClInclude>
    <ClInclude Include="..\..\PortWin\Timer.h">
      <Filter>PortWin</Filter>
    </ClInclude>
  </ItemGroup>
  <ItemGroup>
    <ClCompile Include="..\..\AsyncCallback\AsyncCallbackBase.cpp">
      <Filter>AsyncCallback</Filter>
    </ClCompile>
    <ClCompile Include="..\..\PortWin\LockGuard.cpp">
      <Filter>PortWin</Filter>
    </ClCompile>
    <ClCompile Include="..\..\main.cpp" />
    <ClCompile Include="..\..\stdafx.cpp" />
    <ClCompile Include="..\..\Util\Fault.cpp">
      <Filter>Util</Filter>
    </ClCompile>
    <ClCompile Include="..\..\Util\WorkerThread.cpp">
      <Filter>Util</Filter>
    </ClCompile>
    <ClCompile Include="..\..\SelfTest\CentrifugeTest.cpp">
      <Filter>SelfTest</Filter>
    </ClCompile>
    <ClCompile Include="..\..\SelfTest\PressureTest.cpp">
      <Filter>SelfTest</Filter>
    </ClCompile>
    <ClCompile Include="..\..\SelfTest\SelfTest.cpp">
      <Filter>SelfTest</Filter>
    </ClCompile>
    <ClCompile Include="..\..\SelfTest\SelfTestEngine.cpp">
      <Filter>SelfTest</Filter>
    </ClCompile>
    <ClCompile Include="..\..\StateMachine\StateMachine.cpp">
      <Filter>StateMachine</Filter>
    </ClCompile>
    <ClCompile Include="..\..\PortWin\ThreadWin.cpp">
      <Filter>PortWin</Filter>
    </ClCompile>
    <ClCompile Include="..\..\PortWin\Timer.cpp">
      <Filter>PortWin</Filter>
    </ClCompile>
  </ItemGroup>
</Project>